
Microsoft Visual Studio Solution File, Format Version 12.00
# Visual Studio Version 16
VisualStudioVersion = 16.0.29613.14
MinimumVisualStudioVersion = 10.0.40219.1
Project("{9A19103F-16F7-4668-BE54-9A1E7A4F7556}") = "Api", "Api.csproj", "{BACF628F-FD5A-418F-8278-F0902C228AF8}"
EndProject
Project("{2150E333-8FDC-42A3-9474-1A3956D46DE8}") = "Solution Items", "Solution Items", "{F585081E-5C79-41C3-805C-CCDB3D0328D4}"
	ProjectSection(SolutionItems) = preProject
		.editorconfig = .editorconfig
	EndProjectSection
EndProject
Project("{FAE04EC0-301F-11D3-BF4B-00C04F79EFBC}") = "Api.IntegrationTest", "..\Api.InntegrationTests\Api.IntegrationTest.csproj", "{99F15E66-7498-4758-8DD3-FF1C97211AEA}"
EndProject
Global
	GlobalSection(SolutionConfigurationPlatforms) = preSolution
		Debug|Any CPU = Debug|Any CPU
		Release|Any CPU = Release|Any CPU
	EndGlobalSection
	GlobalSection(ProjectConfigurationPlatforms) = postSolution
		{BACF628F-FD5A-418F-8278-F0902C228AF8}.Debug|Any CPU.ActiveCfg = Debug|Any CPU
		{BACF628F-FD5A-418F-8278-F0902C228AF8}.Debug|Any CPU.Build.0 = Debug|Any CPU
		{BACF628F-FD5A-418F-8278-F0902C228AF8}.Release|Any CPU.ActiveCfg = Release|Any CPU
		{BACF628F-FD5A-418F-8278-F0902C228AF8}.Release|Any CPU.Build.0 = Release|Any CPU
		{99F15E66-7498-4758-8DD3-FF1C97211AEA}.Debug|Any CPU.ActiveCfg = Debug|Any CPU
		{99F15E66-7498-4758-8DD3-FF1C97211AEA}.Debug|Any CPU.Build.0 = Debug|Any CPU
		{99F15E66-7498-4758-8DD3-FF1C97211AEA}.Release|Any CPU.ActiveCfg = Release|Any CPU
		{99F15E66-7498-4758-8DD3-FF1C97211AEA}.Release|Any CPU.Build.0 = Release|Any CPU
	EndGlobalSection
	GlobalSection(SolutionProperties) = preSolution
		HideSolutionNode = FALSE
	EndGlobalSection
	GlobalSection(ExtensibilityGlobals) = postSolution
		SolutionGuid = {FC3EB72E-C976-41F0-9BFC-379B27DF0233}
	EndGlobalSection
EndGlobal
